
Microsoft Visual Studio Solution File, Format Version 12.00
# Visual Studio Version 16
VisualStudioVersion = 16.0.30804.86
MinimumVisualStudioVersion = 10.0.40219.1
Project("{9A19103F-16F7-4668-BE54-9A1E7A4F7556}") = "MassiveWhitelist.Web", "MassiveWhitelist.Web\MassiveWhitelist.Web.csproj", "{61FA2EB0-5E0D-4E15-97CA-20FF3B9561AC}"
EndProject
Project("{FAE04EC0-301F-11D3-BF4B-00C04F79EFBC}") = "MassiveWhitelist.Data", "MassiveWhitelist.Data\MassiveWhitelist.Data.csproj", "{AEBD60FA-ADCE-43EB-8E85-E5BD494D5A2E}"
EndProject
Global
	GlobalSection(SolutionConfigurationPlatforms) = preSolution
		Debug|Any CPU = Debug|Any CPU
		Release|Any CPU = Release|Any CPU
	EndGlobalSection
	GlobalSection(ProjectConfigurationPlatforms) = postSolution
		{61FA2EB0-5E0D-4E15-97CA-20FF3B9561AC}.Debug|Any CPU.ActiveCfg = Debug|Any CPU
		{61FA2EB0-5E0D-4E15-97CA-20FF3B9561AC}.Debug|Any CPU.Build.0 = Debug|Any CPU
		{61FA2EB0-5E0D-4E15-97CA-20FF3B9561AC}.Release|Any CPU.ActiveCfg = Release|Any CPU
		{61FA2EB0-5E0D-4E15-97CA-20FF3B9561AC}.Release|Any CPU.Build.0 = Release|Any CPU
		{AEBD60FA-ADCE-43EB-8E85-E5BD494D5A2E}.Debug|Any CPU.ActiveCfg = Debug|Any CPU
		{AEBD60FA-ADCE-43EB-8E85-E5BD494D5A2E}.Debug|Any CPU.Build.0 = Debug|Any CPU
		{AEBD60FA-ADCE-43EB-8E85-E5BD494D5A2E}.Release|Any CPU.ActiveCfg = Release|Any CPU
		{AEBD60FA-ADCE-43EB-8E85-E5BD494D5A2E}.Release|Any CPU.Build.0 = Release|Any CPU
	EndGlobalSection
	GlobalSection(SolutionProperties) = preSolution
		HideSolutionNode = FALSE
	EndGlobalSection
	GlobalSection(ExtensibilityGlobals) = postSolution
		SolutionGuid = {A43497FB-8229-4890-B01B-88AD4CCBBA67}
	EndGlobalSection
EndGlobal
